
Microsoft Visual Studio Solution File, Format Version 12.00
# Visual Studio 2013
VisualStudioVersion = 12.0.21005.1
MinimumVisualStudioVersion = 10.0.40219.1
Project("{FAE04EC0-301F-11D3-BF4B-00C04F79EFBC}") = "LetsMT.MTProvider", "LetsMT.MTProvider.csproj", "{5DF3208A-65A1-4988-B997-C361FC9C5A0A}"
EndProject
Global
	GlobalSection(TeamFoundationVersionControl) = preSolution
		SccNumberOfProjects = 2
		SccEnterpriseProvider = {4CA58AB2-18FA-4F8D-95D4-32DDF27D184C}
		SccTeamFoundationServer = http://tfs:8080/tfs/defaultcollection
		SccLocalPath0 = .
		SccProjectUniqueName1 = LetsMT.MTProvider.csproj
		SccLocalPath1 = .
	EndGlobalSection
	GlobalSection(SolutionConfigurationPlatforms) = preSolution
		Debug.Mtpro|Any CPU = Debug.Mtpro|Any CPU
		Debug|Any CPU = Debug|Any CPU
		Release.Mtpro|Any CPU = Release.Mtpro|Any CPU
		Release|Any CPU = Release|Any CPU
		v2009_Debug_Mtpro|Any CPU = v2009_Debug_Mtpro|Any CPU
		v2009_Debug|Any CPU = v2009_Debug|Any CPU
		v2009_Release_Mtpro|Any CPU = v2009_Release_Mtpro|Any CPU
		v2009_Release|Any CPU = v2009_Release|Any CPU
		v2014_Debug_Mtpro|Any CPU = v2014_Debug_Mtpro|Any CPU
		v2014_Debug|Any CPU = v2014_Debug|Any CPU
		v2014_Release_Mtpro|Any CPU = v2014_Release_Mtpro|Any CPU
		v2014_Release|Any CPU = v2014_Release|Any CPU
		v2015_Debug_Mtpro|Any CPU = v2015_Debug_Mtpro|Any CPU
		v2015_Debug|Any CPU = v2015_Debug|Any CPU
		v2015_Release_Mtpro|Any CPU = v2015_Release_Mtpro|Any CPU
		v2015_Release|Any CPU = v2015_Release|Any CPU
	EndGlobalSection
	GlobalSection(ProjectConfigurationPlatforms) = postSolution
		{5DF3208A-65A1-4988-B997-C361FC9C5A0A}.Debug.Mtpro|Any CPU.ActiveCfg = Debug.Mtpro|Any CPU
		{5DF3208A-65A1-4988-B997-C361FC9C5A0A}.Debug.Mtpro|Any CPU.Build.0 = Debug.Mtpro|Any CPU
		{5DF3208A-65A1-4988-B997-C361FC9C5A0A}.Debug|Any CPU.ActiveCfg = Debug|Any CPU
		{5DF3208A-65A1-4988-B997-C361FC9C5A0A}.Debug|Any CPU.Build.0 = Debug|Any CPU
		{5DF3208A-65A1-4988-B997-C361FC9C5A0A}.Release.Mtpro|Any CPU.ActiveCfg = Release.Mtpro|Any CPU
		{5DF3208A-65A1-4988-B997-C361FC9C5A0A}.Release.Mtpro|Any CPU.Build.0 = Release.Mtpro|Any CPU
		{5DF3208A-65A1-4988-B997-C361FC9C5A0A}.Release|Any CPU.ActiveCfg = Release|Any CPU
		{5DF3208A-65A1-4988-B997-C361FC9C5A0A}.Release|Any CPU.Build.0 = Release|Any CPU
		{5DF3208A-65A1-4988-B997-C361FC9C5A0A}.v2009_Debug_Mtpro|Any CPU.ActiveCfg = v2009_Debug_Mtpro|Any CPU
		{5DF3208A-65A1-4988-B997-C361FC9C5A0A}.v2009_Debug_Mtpro|Any CPU.Build.0 = v2009_Debug_Mtpro|Any CPU
		{5DF3208A-65A1-4988-B997-C361FC9C5A0A}.v2009_Debug|Any CPU.ActiveCfg = v2009_Debug|Any CPU
		{5DF3208A-65A1-4988-B997-C361FC9C5A0A}.v2009_Debug|Any CPU.Build.0 = v2009_Debug|Any CPU
		{5DF3208A-65A1-4988-B997-C361FC9C5A0A}.v2009_Release_Mtpro|Any CPU.ActiveCfg = v2009_Release_Mtpro|Any CPU
		{5DF3208A-65A1-4988-B997-C361FC9C5A0A}.v2009_Release_Mtpro|Any CPU.Build.0 = v2009_Release_Mtpro|Any CPU
		{5DF3208A-65A1-4988-B997-C361FC9C5A0A}.v2009_Release|Any CPU.ActiveCfg = v2009_Release|Any CPU
		{5DF3208A-65A1-4988-B997-C361FC9C5A0A}.v2009_Release|Any CPU.Build.0 = v2009_Release|Any CPU
		{5DF3208A-65A1-4988-B997-C361FC9C5A0A}.v2014_Debug_Mtpro|Any CPU.ActiveCfg = v2014_Debug_Mtpro|Any CPU
		{5DF3208A-65A1-4988-B997-C361FC9C5A0A}.v2014_Debug_Mtpro|Any CPU.Build.0 = v2014_Debug_Mtpro|Any CPU
		{5DF3208A-65A1-4988-B997-C361FC9C5A0A}.v2014_Debug|Any CPU.ActiveCfg = v2014_Debug|Any CPU
		{5DF3208A-65A1-4988-B997-C361FC9C5A0A}.v2014_Debug|Any CPU.Build.0 = v2014_Debug|Any CPU
		{5DF3208A-65A1-4988-B997-C361FC9C5A0A}.v2014_Release_Mtpro|Any CPU.ActiveCfg = v2014_Release_Mtpro|Any CPU
		{5DF3208A-65A1-4988-B997-C361FC9C5A0A}.v2014_Release_Mtpro|Any CPU.Build.0 = v2014_Release_Mtpro|Any CPU
		{5DF3208A-65A1-4988-B997-C361FC9C5A0A}.v2014_Release|Any CPU.ActiveCfg = v2014_Release|Any CPU
		{5DF3208A-65A1-4988-B997-C361FC9C5A0A}.v2014_Release|Any CPU.Build.0 = v2014_Release|Any CPU
		{5DF3208A-65A1-4988-B997-C361FC9C5A0A}.v2015_Debug_Mtpro|Any CPU.ActiveCfg = v2015_Debug_Mtpro|Any CPU
		{5DF3208A-65A1-4988-B997-C361FC9C5A0A}.v2015_Debug_Mtpro|Any CPU.Build.0 = v2015_Debug_Mtpro|Any CPU
		{5DF3208A-65A1-4988-B997-C361FC9C5A0A}.v2015_Debug|Any CPU.ActiveCfg = v2015_Debug|Any CPU
		{5DF3208A-65A1-4988-B997-C361FC9C5A0A}.v2015_Debug|Any CPU.Build.0 = v2015_Debug|Any CPU
		{5DF3208A-65A1-4988-B997-C361FC9C5A0A}.v2015_Release_Mtpro|Any CPU.ActiveCfg = v2015_Release_Mtpro|Any CPU
		{5DF3208A-65A1-4988-B997-C361FC9C5A0A}.v2015_Release_Mtpro|Any CPU.Build.0 = v2015_Release_Mtpro|Any CPU
		{5DF3208A-65A1-4988-B997-C361FC9C5A0A}.v2015_Release|Any CPU.ActiveCfg = v2015_Release|Any CPU
		{5DF3208A-65A1-4988-B997-C361FC9C5A0A}.v2015_Release|Any CPU.Build.0 = v2015_Release|Any CPU
	EndGlobalSection
	GlobalSection(SolutionProperties) = preSolution
		HideSolutionNode = FALSE
	EndGlobalSection
EndGlobal
